
Microsoft Visual Studio Solution File, Format Version 12.00
# Visual Studio Version 17
VisualStudioVersion = 17.5.33516.290
MinimumVisualStudioVersion = 10.0.40219.1
Project("{8BC9CEB8-8B4A-11D0-8D11-00A0C91BC942}") = "data_structure_4", "data_structure_4\data_structure_4.vcxproj", "{30F6EFE2-D406-4FF4-BA71-67F5C13239DF}"
EndProject
Project("{8BC9CEB8-8B4A-11D0-8D11-00A0C91BC942}") = "circularQueueExample", "circularQueueExample\circularQueueExample.vcxproj", "{2F92E11E-E839-4E93-8BCD-35904BABB479}"
EndProject
Project("{8BC9CEB8-8B4A-11D0-8D11-00A0C91BC942}") = "circularDequeExample", "circularDequeExample\circularDequeExample.vcxproj", "{5FA06128-F129-4FB6-B947-1540C631642D}"
EndProject
Project("{8BC9CEB8-8B4A-11D0-8D11-00A0C91BC942}") = "findMaze", "findMaze\findMaze.vcxproj", "{C6C441B8-BE13-4352-9E24-355E94E62E27}"
EndProject
Project("{8BC9CEB8-8B4A-11D0-8D11-00A0C91BC942}") = "queueExampleUseTwoStack", "queueExampleUseTwoStack\queueExampleUseTwoStack.vcxproj", "{125E1A97-C4A4-4AC3-8B2A-05F368E2ECF3}"
EndProject
Project("{8BC9CEB8-8B4A-11D0-8D11-00A0C91BC942}") = "checkPalindromeUseDeque", "checkPalindromeUseDeque\checkPalindromeUseDeque.vcxproj", "{AF5FA549-FD84-4E57-94BF-950820132613}"
EndProject
Global
	GlobalSection(SolutionConfigurationPlatforms) = preSolution
		Debug|x64 = Debug|x64
		Debug|x86 = Debug|x86
		Release|x64 = Release|x64
		Release|x86 = Release|x86
	EndGlobalSection
	GlobalSection(ProjectConfigurationPlatforms) = postSolution
		{30F6EFE2-D406-4FF4-BA71-67F5C13239DF}.Debug|x64.ActiveCfg = Debug|x64
		{30F6EFE2-D406-4FF4-BA71-67F5C13239DF}.Debug|x64.Build.0 = Debug|x64
		{30F6EFE2-D406-4FF4-BA71-67F5C13239DF}.Debug|x86.ActiveCfg = Debug|Win32
		{30F6EFE2-D406-4FF4-BA71-67F5C13239DF}.Debug|x86.Build.0 = Debug|Win32
		{30F6EFE2-D406-4FF4-BA71-67F5C13239DF}.Release|x64.ActiveCfg = Release|x64
		{30F6EFE2-D406-4FF4-BA71-67F5C13239DF}.Release|x64.Build.0 = Release|x64
		{30F6EFE2-D406-4FF4-BA71-67F5C13239DF}.Release|x86.ActiveCfg = Release|Win32
		{30F6EFE2-D406-4FF4-BA71-67F5C13239DF}.Release|x86.Build.0 = Release|Win32
		{2F92E11E-E839-4E93-8BCD-35904BABB479}.Debug|x64.ActiveCfg = Debug|x64
		{2F92E11E-E839-4E93-8BCD-35904BABB479}.Debug|x64.Build.0 = Debug|x64
		{2F92E11E-E839-4E93-8BCD-35904BABB479}.Debug|x86.ActiveCfg = Debug|Win32
		{2F92E11E-E839-4E93-8BCD-35904BABB479}.Debug|x86.Build.0 = Debug|Win32
		{2F92E11E-E839-4E93-8BCD-35904BABB479}.Release|x64.ActiveCfg = Release|x64
		{2F92E11E-E839-4E93-8BCD-35904BABB479}.Release|x64.Build.0 = Release|x64
		{2F92E11E-E839-4E93-8BCD-35904BABB479}.Release|x86.ActiveCfg = Release|Win32
		{2F92E11E-E839-4E93-8BCD-35904BABB479}.Release|x86.Build.0 = Release|Win32
		{5FA06128-F129-4FB6-B947-1540C631642D}.Debug|x64.ActiveCfg = Debug|x64
		{5FA06128-F129-4FB6-B947-1540C631642D}.Debug|x64.Build.0 = Debug|x64
		{5FA06128-F129-4FB6-B947-1540C631642D}.Debug|x86.ActiveCfg = Debug|Win32
		{5FA06128-F129-4FB6-B947-1540C631642D}.Debug|x86.Build.0 = Debug|Win32
		{5FA06128-F129-4FB6-B947-1540C631642D}.Release|x64.ActiveCfg = Release|x64
		{5FA06128-F129-4FB6-B947-1540C631642D}.Release|x64.Build.0 = Release|x64
		{5FA06128-F129-4FB6-B947-1540C631642D}.Release|x86.ActiveCfg = Release|Win32
		{5FA06128-F129-4FB6-B947-1540C631642D}.Release|x86.Build.0 = Release|Win32
		{C6C441B8-BE13-4352-9E24-355E94E62E27}.Debug|x64.ActiveCfg = Debug|x64
		{C6C441B8-BE13-4352-9E24-355E94E62E27}.Debug|x64.Build.0 = Debug|x64
		{C6C441B8-BE13-4352-9E24-355E94E62E27}.Debug|x86.ActiveCfg = Debug|Win32
		{C6C441B8-BE13-4352-9E24-355E94E62E27}.Debug|x86.Build.0 = Debug|Win32
		{C6C441B8-BE13-4352-9E24-355E94E62E27}.Release|x64.ActiveCfg = Release|x64
		{C6C441B8-BE13-4352-9E24-355E94E62E27}.Release|x64.Build.0 = Release|x64
		{C6C441B8-BE13-4352-9E24-355E94E62E27}.Release|x86.ActiveCfg = Release|Win32
		{C6C441B8-BE13-4352-9E24-355E94E62E27}.Release|x86.Build.0 = Release|Win32
		{125E1A97-C4A4-4AC3-8B2A-05F368E2ECF3}.Debug|x64.ActiveCfg = Debug|x64
		{125E1A97-C4A4-4AC3-8B2A-05F368E2ECF3}.Debug|x64.Build.0 = Debug|x64
		{125E1A97-C4A4-4AC3-8B2A-05F368E2ECF3}.Debug|x86.ActiveCfg = Debug|Win32
		{125E1A97-C4A4-4AC3-8B2A-05F368E2ECF3}.Debug|x86.Build.0 = Debug|Win32
		{125E1A97-C4A4-4AC3-8B2A-05F368E2ECF3}.Release|x64.ActiveCfg = Release|x64
		{125E1A97-C4A4-4AC3-8B2A-05F368E2ECF3}.Release|x64.Build.0 = Release|x64
		{125E1A97-C4A4-4AC3-8B2A-05F368E2ECF3}.Release|x86.ActiveCfg = Release|Win32
		{125E1A97-C4A4-4AC3-8B2A-05F368E2ECF3}.Release|x86.Build.0 = Release|Win32
		{AF5FA549-FD84-4E57-94BF-950820132613}.Debug|x64.ActiveCfg = Debug|x64
		{AF5FA549-FD84-4E57-94BF-950820132613}.Debug|x64.Build.0 = Debug|x64
		{AF5FA549-FD84-4E57-94BF-950820132613}.Debug|x86.ActiveCfg = Debug|Win32
		{AF5FA549-FD84-4E57-94BF-950820132613}.Debug|x86.Build.0 = Debug|Win32
		{AF5FA549-FD84-4E57-94BF-950820132613}.Release|x64.ActiveCfg = Release|x64
		{AF5FA549-FD84-4E57-94BF-950820132613}.Release|x64.Build.0 = Release|x64
		{AF5FA549-FD84-4E57-94BF-950820132613}.Release|x86.ActiveCfg = Release|Win32
		{AF5FA549-FD84-4E57-94BF-950820132613}.Release|x86.Build.0 = Release|Win32
	EndGlobalSection
	GlobalSection(SolutionProperties) = preSolution
		HideSolutionNode = FALSE
	EndGlobalSection
	GlobalSection(ExtensibilityGlobals) = postSolution
		SolutionGuid = {28761B8A-E47E-424E-8866-E8D92550ADC2}
	EndGlobalSection
EndGlobal
